// !$*UTF8*$!
{
	archiveVersion = 1;
	classes = {
	};
	objectVersion = 77;
	objects = {

/* Begin PBXBuildFile section */
		0E09FF53825D339001BB6137 /* VideoPlayerView.swift in Sources */ = {isa = PBXBuildFile; fileRef = D97F65D618EBC05344F98AD7 /* VideoPlayerView.swift */; };
		0E89D264CCF6B086910782A7 /* ServerSetupViewModel.swift in Sources */ = {isa = PBXBuildFile; fileRef = FF0A552AFA2A46BB879FE87B /* ServerSetupViewModel.swift */; };
		100AA327B088A392E7732C98 /* MediaDetailScreen.swift in Sources */ = {isa = PBXBuildFile; fileRef = 8324C15002E8D55B4849D71F /* MediaDetailScreen.swift */; };
		11F80B56F68EB0BCA6D405AE /* FlowLayout.swift in Sources */ = {isa = PBXBuildFile; fileRef = CB88BD157A83540E8C49B329 /* FlowLayout.swift */; };
		130625B99997A1EAB31AF7C9 /* CinemaxKit in Frameworks */ = {isa = PBXBuildFile; productRef = 9741846667BDD8F1C021426D /* CinemaxKit */; };
		1695AF73A0D756A11490FF4B /* SearchViewModel.swift in Sources */ = {isa = PBXBuildFile; fileRef = 611E44F72064D91AE6DBCC6C /* SearchViewModel.swift */; };
		172A4AE31E117BAB19C89CA6 /* PosterCard.swift in Sources */ = {isa = PBXBuildFile; fileRef = 8AE5FB096BB1BE0581798DFD /* PosterCard.swift */; };
		1853EA9F09A0EACE6CCBDFB9 /* MediaDetailViewModel.swift in Sources */ = {isa = PBXBuildFile; fileRef = 7574F55BA72A352BA19F86E0 /* MediaDetailViewModel.swift */; };
		18D5366C4AD5FA663CF6EC03 /* TVButtonStyles.swift in Sources */ = {isa = PBXBuildFile; fileRef = C7F4ACBF04D222D92DA5953B /* TVButtonStyles.swift */; };
		18D85464EB601F8113743C4D /* ProgressBarView.swift in Sources */ = {isa = PBXBuildFile; fileRef = D3DF8C441837A8A10C480077 /* ProgressBarView.swift */; };
		1B6075E5B54067D4015EC06F /* LoginViewModel.swift in Sources */ = {isa = PBXBuildFile; fileRef = 4D37B5166A4FB48D21B2F845 /* LoginViewModel.swift */; };
		1F8DDF74B6AA98658B045CF5 /* MovieLibraryScreen.swift in Sources */ = {isa = PBXBuildFile; fileRef = A6A30840A8AEBE5AA59B722F /* MovieLibraryScreen.swift */; };
		276021C21CB270437185ACF2 /* MainTabView.swift in Sources */ = {isa = PBXBuildFile; fileRef = DC1B61BF8E4B4D7BFFEEDF40 /* MainTabView.swift */; };
		2853B78C03BA5522E348B212 /* Assets.xcassets in Resources */ = {isa = PBXBuildFile; fileRef = 280786386ED204F8AAAF36B6 /* Assets.xcassets */; };
		28909321B0A490C0E70342E4 /* GlassTextField.swift in Sources */ = {isa = PBXBuildFile; fileRef = 59CE3A78C397CC15A81F1635 /* GlassTextField.swift */; };
		289B6BE095E7F76554DAE841 /* TrackPickerSheet.swift in Sources */ = {isa = PBXBuildFile; fileRef = DB5D31C0A9CB664FEB840DA3 /* TrackPickerSheet.swift */; };
		28A82A58BDED7ACD5B9221F8 /* HomeScreen.swift in Sources */ = {isa = PBXBuildFile; fileRef = 25D8CB8B2A5B48928CFF4A61 /* HomeScreen.swift */; };
		2BC23AB09D961A04A91415F7 /* AppNavigation.swift in Sources */ = {isa = PBXBuildFile; fileRef = 78377E8E832D65F7226A2A06 /* AppNavigation.swift */; };
		2D505F5E99229EC948F2A7E0 /* TVSeriesScreen.swift in Sources */ = {isa = PBXBuildFile; fileRef = AA0A181A9E709E7700EC2E95 /* TVSeriesScreen.swift */; };
		2FA1FE57761F94C1764861F9 /* LocalizationManager.swift in Sources */ = {isa = PBXBuildFile; fileRef = 32016E5B7B38AFDEB6E75857 /* LocalizationManager.swift */; };
		2FA754E7C1024D2E05A46524 /* ErrorStateView.swift in Sources */ = {isa = PBXBuildFile; fileRef = 929537FA4254CCBD87E276B3 /* ErrorStateView.swift */; };
		2FE40D74DA7EDE3249D0D17B /* CinemaGlassTheme.swift in Sources */ = {isa = PBXBuildFile; fileRef = 5BF56288932318BE6C754F7B /* CinemaGlassTheme.swift */; };
		3251D64F042EEB176008DAB9 /* TrackPickerSheet.swift in Sources */ = {isa = PBXBuildFile; fileRef = DB5D31C0A9CB664FEB840DA3 /* TrackPickerSheet.swift */; };
		33E221E051D6B7D1422D4552 /* CinemaButton.swift in Sources */ = {isa = PBXBuildFile; fileRef = CCD86E8274D7D248752E886F /* CinemaButton.swift */; };
		35122F5994E5D72202EDF022 /* MockAPIClient.swift in Sources */ = {isa = PBXBuildFile; fileRef = C3734234693F4D6519876963 /* MockAPIClient.swift */; };
		3674658960C75FB68F6576B9 /* CinemaButton.swift in Sources */ = {isa = PBXBuildFile; fileRef = CCD86E8274D7D248752E886F /* CinemaButton.swift */; };
		389E81F4513E0CE8A622D08F /* MainTabView.swift in Sources */ = {isa = PBXBuildFile; fileRef = DC1B61BF8E4B4D7BFFEEDF40 /* MainTabView.swift */; };
		38D0284F287A35C7FC3D4858 /* PlayLink.swift in Sources */ = {isa = PBXBuildFile; fileRef = AEA4717DCFEE46C5BE3F4787 /* PlayLink.swift */; };
		3B587F7E3960823F29F25C26 /* FlowLayout.swift in Sources */ = {isa = PBXBuildFile; fileRef = CB88BD157A83540E8C49B329 /* FlowLayout.swift */; };
		4134A3AE6228FC62801C9E93 /* CinemaxKit in Frameworks */ = {isa = PBXBuildFile; productRef = CC223F1A46FB5458A8F326AD /* CinemaxKit */; };
		43C558D639F56A03ABE38F41 /* SettingsScreen+tvOS.swift in Sources */ = {isa = PBXBuildFile; fileRef = C0E9157A106817FC0C04B450 /* SettingsScreen+tvOS.swift */; };
		456D3029E556DF1761B9CCAC /* HLSManifestLoader.swift in Sources */ = {isa = PBXBuildFile; fileRef = A25B07319865E0C6A31D44ED /* HLSManifestLoader.swift */; };
		46E0FC9041E6B386190D5B6C /* HomeViewModel.swift in Sources */ = {isa = PBXBuildFile; fileRef = C346F0B7AFF504DA6593370E /* HomeViewModel.swift */; };
		47242004DB5BA9497108DE62 /* HomeScreen.swift in Sources */ = {isa = PBXBuildFile; fileRef = 25D8CB8B2A5B48928CFF4A61 /* HomeScreen.swift */; };
		473F59EC7FA3CB025D4F5D35 /* SettingsScreen.swift in Sources */ = {isa = PBXBuildFile; fileRef = 6EAA0B8314F73A80686E650D /* SettingsScreen.swift */; };
		4E6ACB12C22F88F40EF8DC8A /* ContentRow.swift in Sources */ = {isa = PBXBuildFile; fileRef = 2BAFD25D98FA0E18A0F441F5 /* ContentRow.swift */; };
		5782D05B40C908DB8241AAE6 /* CinemaxApp.swift in Sources */ = {isa = PBXBuildFile; fileRef = 3A70C2603459BCEE70535BB4 /* CinemaxApp.swift */; };
		5F7645BF5DDCF276733DD2AB /* GlassModifiers.swift in Sources */ = {isa = PBXBuildFile; fileRef = E9A353B49C5117D5F686F07B /* GlassModifiers.swift */; };
		5FA751E81BBEE26DE820FA36 /* ServerSetupViewModel.swift in Sources */ = {isa = PBXBuildFile; fileRef = FF0A552AFA2A46BB879FE87B /* ServerSetupViewModel.swift */; };
		5FD3234EE63A765E0C82E5C7 /* MediaDetailScreen.swift in Sources */ = {isa = PBXBuildFile; fileRef = 8324C15002E8D55B4849D71F /* MediaDetailScreen.swift */; };
		629034F00C9B9A91F1DFDFAF /* ContentRow.swift in Sources */ = {isa = PBXBuildFile; fileRef = 2BAFD25D98FA0E18A0F441F5 /* ContentRow.swift */; };
		64406006E2A4AB13FDE38E19 /* Localizable.strings in Resources */ = {isa = PBXBuildFile; fileRef = AF177D070920EC62E7827637 /* Localizable.strings */; };
		649F44415009AA3AFB1D1FE3 /* CinemaxKitTests.swift in Sources */ = {isa = PBXBuildFile; fileRef = 223258AFA0F2668369423520 /* CinemaxKitTests.swift */; };
		6A6800B822850477D1905491 /* GlassTextField.swift in Sources */ = {isa = PBXBuildFile; fileRef = 59CE3A78C397CC15A81F1635 /* GlassTextField.swift */; };
		6D40EAF27B0800AE33161733 /* WideCard.swift in Sources */ = {isa = PBXBuildFile; fileRef = BA0B2775D4776FF99A90FB12 /* WideCard.swift */; };
		6F9AEB4561324499DA1F1F4E /* NativeVideoPresenter.swift in Sources */ = {isa = PBXBuildFile; fileRef = 07FE737816B4F86FC1A9D144 /* NativeVideoPresenter.swift */; };
		70247C5A32673CC464D68A32 /* LocalizationManager.swift in Sources */ = {isa = PBXBuildFile; fileRef = 32016E5B7B38AFDEB6E75857 /* LocalizationManager.swift */; };
		7141A3EC32D60AD2452DC24C /* MediaDetailViewModel.swift in Sources */ = {isa = PBXBuildFile; fileRef = 7574F55BA72A352BA19F86E0 /* MediaDetailViewModel.swift */; };
		72281CF32299F9545AA48ED7 /* SearchScreen.swift in Sources */ = {isa = PBXBuildFile; fileRef = C144D0A57021E0A0A783977B /* SearchScreen.swift */; };
		735403600F051C38E050FBDE /* VideoPlayerCoordinator.swift in Sources */ = {isa = PBXBuildFile; fileRef = B14D3FE509DDFB9EA6569161 /* VideoPlayerCoordinator.swift */; };
		73713753B981A3971272B7E3 /* FocusScaleModifier.swift in Sources */ = {isa = PBXBuildFile; fileRef = D657D13170DAA4F01D4B99E8 /* FocusScaleModifier.swift */; };
		74CBBF39B6E72933460424C5 /* ProgressBarView.swift in Sources */ = {isa = PBXBuildFile; fileRef = D3DF8C441837A8A10C480077 /* ProgressBarView.swift */; };
		7CF24A796713A4992BC74C3B /* RatingBadge.swift in Sources */ = {isa = PBXBuildFile; fileRef = 19C632FC97E86299EBCAA2CA /* RatingBadge.swift */; };
		7F6D160EABA133540130AABC /* MediaLibraryViewModel.swift in Sources */ = {isa = PBXBuildFile; fileRef = DE7B27B99DB58FF2CAC5D765 /* MediaLibraryViewModel.swift */; };
		7F7723CF469BF94B2314A645 /* SettingsScreen.swift in Sources */ = {isa = PBXBuildFile; fileRef = 6EAA0B8314F73A80686E650D /* SettingsScreen.swift */; };
		7FB1C0EDE50B3335093F475C /* ThemeManager.swift in Sources */ = {isa = PBXBuildFile; fileRef = E61944A0EB692FE3706F500B /* ThemeManager.swift */; };
		8408A487C19DAB3D82498B24 /* RatingBadge.swift in Sources */ = {isa = PBXBuildFile; fileRef = 19C632FC97E86299EBCAA2CA /* RatingBadge.swift */; };
		850FA2A4714148E59074CC92 /* PosterCard.swift in Sources */ = {isa = PBXBuildFile; fileRef = 8AE5FB096BB1BE0581798DFD /* PosterCard.swift */; };
		8B0BC8C9E0D75F440ACBD95A /* LoginViewModelTests.swift in Sources */ = {isa = PBXBuildFile; fileRef = 31D07FDBA8B067335CB393D9 /* LoginViewModelTests.swift */; };
		8BEED9AD5A4971DD030806F0 /* CastCircle.swift in Sources */ = {isa = PBXBuildFile; fileRef = A6663B7C168DECE8F2BAC327 /* CastCircle.swift */; };
		8CE621C8D3CAD1DE98B6CA11 /* AppNavigation.swift in Sources */ = {isa = PBXBuildFile; fileRef = 78377E8E832D65F7226A2A06 /* AppNavigation.swift */; };
		8D24463B5C884F60485FD40C /* LoginScreen.swift in Sources */ = {isa = PBXBuildFile; fileRef = DDE7C8046FBDB91EFDDC0805 /* LoginScreen.swift */; };
		8E85DE19A0AC363A1A138788 /* GlassModifiers.swift in Sources */ = {isa = PBXBuildFile; fileRef = E9A353B49C5117D5F686F07B /* GlassModifiers.swift */; };
		91132D1D741BF7CEFF44DBE3 /* WideCard.swift in Sources */ = {isa = PBXBuildFile; fileRef = BA0B2775D4776FF99A90FB12 /* WideCard.swift */; };
		9150233715D09CEFDBC66E64 /* SettingsScreen+iOS.swift in Sources */ = {isa = PBXBuildFile; fileRef = 275DFD6B409E3B37C05FD3FB /* SettingsScreen+iOS.swift */; };
		91ED326A57E034CF33FCA565 /* ServerSetupScreen.swift in Sources */ = {isa = PBXBuildFile; fileRef = 171E69387E1D6BAAB538ECA0 /* ServerSetupScreen.swift */; };
		97AF9B841BA015AD94A9B390 /* ServerSetupScreen.swift in Sources */ = {isa = PBXBuildFile; fileRef = 171E69387E1D6BAAB538ECA0 /* ServerSetupScreen.swift */; };
		994A2F644CC4E532760D0A0D /* FocusScaleModifier.swift in Sources */ = {isa = PBXBuildFile; fileRef = D657D13170DAA4F01D4B99E8 /* FocusScaleModifier.swift */; };
		99AD4FD1823DDEAE384019A4 /* CinemaxTVApp.swift in Sources */ = {isa = PBXBuildFile; fileRef = A7C6E1A74D6EE64FD563385D /* CinemaxTVApp.swift */; };
		9D7DC4B535360291C3465976 /* VideoPlayerCoordinator.swift in Sources */ = {isa = PBXBuildFile; fileRef = B14D3FE509DDFB9EA6569161 /* VideoPlayerCoordinator.swift */; };
		9F7E13CC3312F27A84915032 /* Assets.xcassets in Resources */ = {isa = PBXBuildFile; fileRef = 280786386ED204F8AAAF36B6 /* Assets.xcassets */; };
		A10493105D97CBA1AA49C895 /* PlayMethodTests.swift in Sources */ = {isa = PBXBuildFile; fileRef = F5015BA3559E63C6E9845F2B /* PlayMethodTests.swift */; };
		A19C134787C25532BB34B306 /* ServerSetupViewModelTests.swift in Sources */ = {isa = PBXBuildFile; fileRef = B01CD5F39E429B665FA12B0C /* ServerSetupViewModelTests.swift */; };
		A38CC2D23545EA9986CB053F /* SearchScreen.swift in Sources */ = {isa = PBXBuildFile; fileRef = C144D0A57021E0A0A783977B /* SearchScreen.swift */; };
		A3B5BCE46E4207582861DBBE /* TVSeriesScreen.swift in Sources */ = {isa = PBXBuildFile; fileRef = AA0A181A9E709E7700EC2E95 /* TVSeriesScreen.swift */; };
		A457ECA5B1E6FC13546B3306 /* ErrorStateView.swift in Sources */ = {isa = PBXBuildFile; fileRef = 929537FA4254CCBD87E276B3 /* ErrorStateView.swift */; };
		A5BDB9B097C212892B4AEB36 /* BaseItemDto+Metadata.swift in Sources */ = {isa = PBXBuildFile; fileRef = 58BDB8AB3BF62513D67C2E16 /* BaseItemDto+Metadata.swift */; };
		B17B6055000707C83658C8DF /* LoginScreen.swift in Sources */ = {isa = PBXBuildFile; fileRef = DDE7C8046FBDB91EFDDC0805 /* LoginScreen.swift */; };
		B80500609E8D56844738FB4A /* SearchViewModel.swift in Sources */ = {isa = PBXBuildFile; fileRef = 611E44F72064D91AE6DBCC6C /* SearchViewModel.swift */; };
		BB60281C449D13F7F5398F6F /* CinemaLazyImage.swift in Sources */ = {isa = PBXBuildFile; fileRef = A0F3D66A0647688B34958DEF /* CinemaLazyImage.swift */; };
		C394E04E4C329F99F29E70D6 /* Localizable.strings in Resources */ = {isa = PBXBuildFile; fileRef = AF177D070920EC62E7827637 /* Localizable.strings */; };
		C66DEBC7160DF78205F50CAB /* LoginViewModel.swift in Sources */ = {isa = PBXBuildFile; fileRef = 4D37B5166A4FB48D21B2F845 /* LoginViewModel.swift */; };
		CECD6F0550D4470ABD17BD82 /* HomeViewModelTests.swift in Sources */ = {isa = PBXBuildFile; fileRef = 69FA0DC94A5D41FE4D6DC0A2 /* HomeViewModelTests.swift */; };
		CF9AC2FE2683ACF8F970C686 /* VideoPlayerView.swift in Sources */ = {isa = PBXBuildFile; fileRef = D97F65D618EBC05344F98AD7 /* VideoPlayerView.swift */; };
		D18BC3D9D5BA81F6EBB57830 /* HLSManifestLoader.swift in Sources */ = {isa = PBXBuildFile; fileRef = A25B07319865E0C6A31D44ED /* HLSManifestLoader.swift */; };
		D204B5A74016A5CBB00FE986 /* MediaLibraryViewModel.swift in Sources */ = {isa = PBXBuildFile; fileRef = DE7B27B99DB58FF2CAC5D765 /* MediaLibraryViewModel.swift */; };
		D64C3AD31EC5F1CC8C2197F7 /* PlayLink.swift in Sources */ = {isa = PBXBuildFile; fileRef = AEA4717DCFEE46C5BE3F4787 /* PlayLink.swift */; };
		DDE0943D46488F809421872D /* CastCircle.swift in Sources */ = {isa = PBXBuildFile; fileRef = A6663B7C168DECE8F2BAC327 /* CastCircle.swift */; };
		DE8FAD1B61B3357856AA5E55 /* LibrarySortFilterSheet.swift in Sources */ = {isa = PBXBuildFile; fileRef = 48BB9B833D705FD5AFFFB56B /* LibrarySortFilterSheet.swift */; };
		DFDBEF3D856DD4B602C58F59 /* CinemaGlassTheme.swift in Sources */ = {isa = PBXBuildFile; fileRef = 5BF56288932318BE6C754F7B /* CinemaGlassTheme.swift */; };
		E4AF1097C891473701C8C2C9 /* LoadingStateView.swift in Sources */ = {isa = PBXBuildFile; fileRef = A863021FF6B842EE2A0E27CA /* LoadingStateView.swift */; };
		E71BC25CBB98F5DF97065B98 /* BaseItemDto+Metadata.swift in Sources */ = {isa = PBXBuildFile; fileRef = 58BDB8AB3BF62513D67C2E16 /* BaseItemDto+Metadata.swift */; };
		EA0632228FDBF2CE744BDE18 /* CinemaLazyImage.swift in Sources */ = {isa = PBXBuildFile; fileRef = A0F3D66A0647688B34958DEF /* CinemaLazyImage.swift */; };
		EF860827AC026C15AEF6574B /* LoadingStateView.swift in Sources */ = {isa = PBXBuildFile; fileRef = A863021FF6B842EE2A0E27CA /* LoadingStateView.swift */; };
		F253F28BCDA12B2EC62BE33E /* ThemeManager.swift in Sources */ = {isa = PBXBuildFile; fileRef = E61944A0EB692FE3706F500B /* ThemeManager.swift */; };
		F3341F518AE1332B113E44DD /* LibrarySortFilterSheet.swift in Sources */ = {isa = PBXBuildFile; fileRef = 48BB9B833D705FD5AFFFB56B /* LibrarySortFilterSheet.swift */; };
		F7B67A97F9967068E9FDA7A1 /* SettingsScreen+tvOS.swift in Sources */ = {isa = PBXBuildFile; fileRef = C0E9157A106817FC0C04B450 /* SettingsScreen+tvOS.swift */; };
		F9F825B65BAE3868DDB5E7E6 /* SettingsScreen+iOS.swift in Sources */ = {isa = PBXBuildFile; fileRef = 275DFD6B409E3B37C05FD3FB /* SettingsScreen+iOS.swift */; };
		FA853F39728C4E3652D2C5E5 /* HomeViewModel.swift in Sources */ = {isa = PBXBuildFile; fileRef = C346F0B7AFF504DA6593370E /* HomeViewModel.swift */; };
		FB6FC7ADD24BFD093F9D6098 /* NativeVideoPresenter.swift in Sources */ = {isa = PBXBuildFile; fileRef = 07FE737816B4F86FC1A9D144 /* NativeVideoPresenter.swift */; };
		FC977C55710C5DEB48C5A122 /* TVButtonStyles.swift in Sources */ = {isa = PBXBuildFile; fileRef = C7F4ACBF04D222D92DA5953B /* TVButtonStyles.swift */; };
		FF21EDCBFAE6F61736975202 /* MovieLibraryScreen.swift in Sources */ = {isa = PBXBuildFile; fileRef = A6A30840A8AEBE5AA59B722F /* MovieLibraryScreen.swift */; };
/* End PBXBuildFile section */

/* Begin PBXContainerItemProxy section */
		F32A71850E5CE7631CDB4313 /* PBXContainerItemProxy */ = {
			isa = PBXContainerItemProxy;
			containerPortal = FD3296B797A3118C5A24F24F /* Project object */;
			proxyType = 1;
			remoteGlobalIDString = 33B5F934E645045C8C030A82;
			remoteInfo = Cinemax;
		};
/* End PBXContainerItemProxy section */

/* Begin PBXFileReference section */
		07FE737816B4F86FC1A9D144 /* NativeVideoPresenter.swift */ = {isa = PBXFileReference; lastKnownFileType = sourcecode.swift; path = NativeVideoPresenter.swift; sourceTree = "<group>"; };
		0F5616DF4D32335730006F23 /* Info.plist */ = {isa = PBXFileReference; lastKnownFileType = text.plist; path = Info.plist; sourceTree = "<group>"; };
		171E69387E1D6BAAB538ECA0 /* ServerSetupScreen.swift */ = {isa = PBXFileReference; lastKnownFileType = sourcecode.swift; path = ServerSetupScreen.swift; sourceTree = "<group>"; };
		19C632FC97E86299EBCAA2CA /* RatingBadge.swift */ = {isa = PBXFileReference; lastKnownFileType = sourcecode.swift; path = RatingBadge.swift; sourceTree = "<group>"; };
		223258AFA0F2668369423520 /* CinemaxKitTests.swift */ = {isa = PBXFileReference; lastKnownFileType = sourcecode.swift; path = CinemaxKitTests.swift; sourceTree = "<group>"; };
		25D8CB8B2A5B48928CFF4A61 /* HomeScreen.swift */ = {isa = PBXFileReference; lastKnownFileType = sourcecode.swift; path = HomeScreen.swift; sourceTree = "<group>"; };
		275DFD6B409E3B37C05FD3FB /* SettingsScreen+iOS.swift */ = {isa = PBXFileReference; lastKnownFileType = sourcecode.swift; path = "SettingsScreen+iOS.swift"; sourceTree = "<group>"; };
		280786386ED204F8AAAF36B6 /* Assets.xcassets */ = {isa = PBXFileReference; lastKnownFileType = folder.assetcatalog; path = Assets.xcassets; sourceTree = "<group>"; };
		2BAFD25D98FA0E18A0F441F5 /* ContentRow.swift */ = {isa = PBXFileReference; lastKnownFileType = sourcecode.swift; path = ContentRow.swift; sourceTree = "<group>"; };
		2C408AFB766D464538419F25 /* CinemaxTests.xctest */ = {isa = PBXFileReference; includeInIndex = 0; lastKnownFileType = wrapper.cfbundle; path = CinemaxTests.xctest; sourceTree = BUILT_PRODUCTS_DIR; };
		31D07FDBA8B067335CB393D9 /* LoginViewModelTests.swift */ = {isa = PBXFileReference; lastKnownFileType = sourcecode.swift; path = LoginViewModelTests.swift; sourceTree = "<group>"; };
		32016E5B7B38AFDEB6E75857 /* LocalizationManager.swift */ = {isa = PBXFileReference; lastKnownFileType = sourcecode.swift; path = LocalizationManager.swift; sourceTree = "<group>"; };
		3A70C2603459BCEE70535BB4 /* CinemaxApp.swift */ = {isa = PBXFileReference; lastKnownFileType = sourcecode.swift; path = CinemaxApp.swift; sourceTree = "<group>"; };
		3D4F7E03E3AA68A284C0FD7E /* fr */ = {isa = PBXFileReference; lastKnownFileType = text.plist.strings; name = fr; path = fr.lproj/Localizable.strings; sourceTree = "<group>"; };
		48BB9B833D705FD5AFFFB56B /* LibrarySortFilterSheet.swift */ = {isa = PBXFileReference; lastKnownFileType = sourcecode.swift; path = LibrarySortFilterSheet.swift; sourceTree = "<group>"; };
		4D37B5166A4FB48D21B2F845 /* LoginViewModel.swift */ = {isa = PBXFileReference; lastKnownFileType = sourcecode.swift; path = LoginViewModel.swift; sourceTree = "<group>"; };
		58BDB8AB3BF62513D67C2E16 /* BaseItemDto+Metadata.swift */ = {isa = PBXFileReference; lastKnownFileType = sourcecode.swift; path = "BaseItemDto+Metadata.swift"; sourceTree = "<group>"; };
		59CE3A78C397CC15A81F1635 /* GlassTextField.swift */ = {isa = PBXFileReference; lastKnownFileType = sourcecode.swift; path = GlassTextField.swift; sourceTree = "<group>"; };
		5BF56288932318BE6C754F7B /* CinemaGlassTheme.swift */ = {isa = PBXFileReference; lastKnownFileType = sourcecode.swift; path = CinemaGlassTheme.swift; sourceTree = "<group>"; };
		611E44F72064D91AE6DBCC6C /* SearchViewModel.swift */ = {isa = PBXFileReference; lastKnownFileType = sourcecode.swift; path = SearchViewModel.swift; sourceTree = "<group>"; };
		69FA0DC94A5D41FE4D6DC0A2 /* HomeViewModelTests.swift */ = {isa = PBXFileReference; lastKnownFileType = sourcecode.swift; path = HomeViewModelTests.swift; sourceTree = "<group>"; };
		6EAA0B8314F73A80686E650D /* SettingsScreen.swift */ = {isa = PBXFileReference; lastKnownFileType = sourcecode.swift; path = SettingsScreen.swift; sourceTree = "<group>"; };
		71EDA47106672004DE07BDCF /* en */ = {isa = PBXFileReference; lastKnownFileType = text.plist.strings; name = en; path = en.lproj/Localizable.strings; sourceTree = "<group>"; };
		7574F55BA72A352BA19F86E0 /* MediaDetailViewModel.swift */ = {isa = PBXFileReference; lastKnownFileType = sourcecode.swift; path = MediaDetailViewModel.swift; sourceTree = "<group>"; };
		78377E8E832D65F7226A2A06 /* AppNavigation.swift */ = {isa = PBXFileReference; lastKnownFileType = sourcecode.swift; path = AppNavigation.swift; sourceTree = "<group>"; };
		7D88DF3FEF51CF7E5E1C948A /* Cinemax.app */ = {isa = PBXFileReference; includeInIndex = 0; lastKnownFileType = wrapper.application; path = Cinemax.app; sourceTree = BUILT_PRODUCTS_DIR; };
		8324C15002E8D55B4849D71F /* MediaDetailScreen.swift */ = {isa = PBXFileReference; lastKnownFileType = sourcecode.swift; path = MediaDetailScreen.swift; sourceTree = "<group>"; };
		8AE5FB096BB1BE0581798DFD /* PosterCard.swift */ = {isa = PBXFileReference; lastKnownFileType = sourcecode.swift; path = PosterCard.swift; sourceTree = "<group>"; };
		929537FA4254CCBD87E276B3 /* ErrorStateView.swift */ = {isa = PBXFileReference; lastKnownFileType = sourcecode.swift; path = ErrorStateView.swift; sourceTree = "<group>"; };
		A0F3D66A0647688B34958DEF /* CinemaLazyImage.swift */ = {isa = PBXFileReference; lastKnownFileType = sourcecode.swift; path = CinemaLazyImage.swift; sourceTree = "<group>"; };
		A25B07319865E0C6A31D44ED /* HLSManifestLoader.swift */ = {isa = PBXFileReference; lastKnownFileType = sourcecode.swift; path = HLSManifestLoader.swift; sourceTree = "<group>"; };
		A6663B7C168DECE8F2BAC327 /* CastCircle.swift */ = {isa = PBXFileReference; lastKnownFileType = sourcecode.swift; path = CastCircle.swift; sourceTree = "<group>"; };
		A6A30840A8AEBE5AA59B722F /* MovieLibraryScreen.swift */ = {isa = PBXFileReference; lastKnownFileType = sourcecode.swift; path = MovieLibraryScreen.swift; sourceTree = "<group>"; };
		A7C6E1A74D6EE64FD563385D /* CinemaxTVApp.swift */ = {isa = PBXFileReference; lastKnownFileType = sourcecode.swift; path = CinemaxTVApp.swift; sourceTree = "<group>"; };
		A863021FF6B842EE2A0E27CA /* LoadingStateView.swift */ = {isa = PBXFileReference; lastKnownFileType = sourcecode.swift; path = LoadingStateView.swift; sourceTree = "<group>"; };
		AA0A181A9E709E7700EC2E95 /* TVSeriesScreen.swift */ = {isa = PBXFileReference; lastKnownFileType = sourcecode.swift; path = TVSeriesScreen.swift; sourceTree = "<group>"; };
		AEA4717DCFEE46C5BE3F4787 /* PlayLink.swift */ = {isa = PBXFileReference; lastKnownFileType = sourcecode.swift; path = PlayLink.swift; sourceTree = "<group>"; };
		B01CD5F39E429B665FA12B0C /* ServerSetupViewModelTests.swift */ = {isa = PBXFileReference; lastKnownFileType = sourcecode.swift; path = ServerSetupViewModelTests.swift; sourceTree = "<group>"; };
		B14D3FE509DDFB9EA6569161 /* VideoPlayerCoordinator.swift */ = {isa = PBXFileReference; lastKnownFileType = sourcecode.swift; path = VideoPlayerCoordinator.swift; sourceTree = "<group>"; };
		BA0B2775D4776FF99A90FB12 /* WideCard.swift */ = {isa = PBXFileReference; lastKnownFileType = sourcecode.swift; path = WideCard.swift; sourceTree = "<group>"; };
		BCC43AE61EC4C83ED88C63C1 /* CinemaxTV.app */ = {isa = PBXFileReference; includeInIndex = 0; lastKnownFileType = wrapper.application; path = CinemaxTV.app; sourceTree = BUILT_PRODUCTS_DIR; };
		C0E9157A106817FC0C04B450 /* SettingsScreen+tvOS.swift */ = {isa = PBXFileReference; lastKnownFileType = sourcecode.swift; path = "SettingsScreen+tvOS.swift"; sourceTree = "<group>"; };
		C144D0A57021E0A0A783977B /* SearchScreen.swift */ = {isa = PBXFileReference; lastKnownFileType = sourcecode.swift; path = SearchScreen.swift; sourceTree = "<group>"; };
		C346F0B7AFF504DA6593370E /* HomeViewModel.swift */ = {isa = PBXFileReference; lastKnownFileType = sourcecode.swift; path = HomeViewModel.swift; sourceTree = "<group>"; };
		C3734234693F4D6519876963 /* MockAPIClient.swift */ = {isa = PBXFileReference; lastKnownFileType = sourcecode.swift; path = MockAPIClient.swift; sourceTree = "<group>"; };
		C7F4ACBF04D222D92DA5953B /* TVButtonStyles.swift */ = {isa = PBXFileReference; lastKnownFileType = sourcecode.swift; path = TVButtonStyles.swift; sourceTree = "<group>"; };
		CB70200A45E30CF69C12BE71 /* CinemaxKit */ = {isa = PBXFileReference; lastKnownFileType = folder; name = CinemaxKit; path = Packages/CinemaxKit; sourceTree = SOURCE_ROOT; };
		CB88BD157A83540E8C49B329 /* FlowLayout.swift */ = {isa = PBXFileReference; lastKnownFileType = sourcecode.swift; path = FlowLayout.swift; sourceTree = "<group>"; };
		CCD86E8274D7D248752E886F /* CinemaButton.swift */ = {isa = PBXFileReference; lastKnownFileType = sourcecode.swift; path = CinemaButton.swift; sourceTree = "<group>"; };
		D3DF8C441837A8A10C480077 /* ProgressBarView.swift */ = {isa = PBXFileReference; lastKnownFileType = sourcecode.swift; path = ProgressBarView.swift; sourceTree = "<group>"; };
		D411739B23A852BEEFC0B087 /* Info.plist */ = {isa = PBXFileReference; lastKnownFileType = text.plist; path = Info.plist; sourceTree = "<group>"; };
		D657D13170DAA4F01D4B99E8 /* FocusScaleModifier.swift */ = {isa = PBXFileReference; lastKnownFileType = sourcecode.swift; path = FocusScaleModifier.swift; sourceTree = "<group>"; };
		D97F65D618EBC05344F98AD7 /* VideoPlayerView.swift */ = {isa = PBXFileReference; lastKnownFileType = sourcecode.swift; path = VideoPlayerView.swift; sourceTree = "<group>"; };
		DB5D31C0A9CB664FEB840DA3 /* TrackPickerSheet.swift */ = {isa = PBXFileReference; lastKnownFileType = sourcecode.swift; path = TrackPickerSheet.swift; sourceTree = "<group>"; };
		DC1B61BF8E4B4D7BFFEEDF40 /* MainTabView.swift */ = {isa = PBXFileReference; lastKnownFileType = sourcecode.swift; path = MainTabView.swift; sourceTree = "<group>"; };
		DDE7C8046FBDB91EFDDC0805 /* LoginScreen.swift */ = {isa = PBXFileReference; lastKnownFileType = sourcecode.swift; path = LoginScreen.swift; sourceTree = "<group>"; };
		DE7B27B99DB58FF2CAC5D765 /* MediaLibraryViewModel.swift */ = {isa = PBXFileReference; lastKnownFileType = sourcecode.swift; path = MediaLibraryViewModel.swift; sourceTree = "<group>"; };
		E61944A0EB692FE3706F500B /* ThemeManager.swift */ = {isa = PBXFileReference; lastKnownFileType = sourcecode.swift; path = ThemeManager.swift; sourceTree = "<group>"; };
		E9A353B49C5117D5F686F07B /* GlassModifiers.swift */ = {isa = PBXFileReference; lastKnownFileType = sourcecode.swift; path = GlassModifiers.swift; sourceTree = "<group>"; };
		F5015BA3559E63C6E9845F2B /* PlayMethodTests.swift */ = {isa = PBXFileReference; lastKnownFileType = sourcecode.swift; path = PlayMethodTests.swift; sourceTree = "<group>"; };
		FF0A552AFA2A46BB879FE87B /* ServerSetupViewModel.swift */ = {isa = PBXFileReference; lastKnownFileType = sourcecode.swift; path = ServerSetupViewModel.swift; sourceTree = "<group>"; };
/* End PBXFileReference section */

/* Begin PBXFrameworksBuildPhase section */
		24A5CC0AA1E6EAA92E57259D /* Frameworks */ = {
			isa = PBXFrameworksBuildPhase;
			buildActionMask = 2147483647;
			files = (
				130625B99997A1EAB31AF7C9 /* CinemaxKit in Frameworks */,
			);
			runOnlyForDeploymentPostprocessing = 0;
		};
		81916552939BB20684F3B232 /* Frameworks */ = {
			isa = PBXFrameworksBuildPhase;
			buildActionMask = 2147483647;
			files = (
				4134A3AE6228FC62801C9E93 /* CinemaxKit in Frameworks */,
			);
			runOnlyForDeploymentPostprocessing = 0;
		};
/* End PBXFrameworksBuildPhase section */

/* Begin PBXGroup section */
		0A12FEEB77C65B7EE5599855 /* Tests */ = {
			isa = PBXGroup;
			children = (
				7B39729167A6F66BD6CC42BC /* CinemaxKitTests */,
			);
			path = Tests;
			sourceTree = "<group>";
		};
		386B44D1F77FA0937C0FE5D1 = {
			isa = PBXGroup;
			children = (
				5A22BB80C997420B7F6D23D5 /* iOS */,
				767F22028D59FAFA787026A5 /* Packages */,
				943FF0F751C21904343B7FB3 /* Resources */,
				8ED5170013402EDD4A0E1704 /* Shared */,
				0A12FEEB77C65B7EE5599855 /* Tests */,
				5E07A87395FCD720C2D031F2 /* tvOS */,
				6B5F21E5379F486F6AD9D90C /* Products */,
			);
			sourceTree = "<group>";
		};
		5A22BB80C997420B7F6D23D5 /* iOS */ = {
			isa = PBXGroup;
			children = (
				3A70C2603459BCEE70535BB4 /* CinemaxApp.swift */,
				0F5616DF4D32335730006F23 /* Info.plist */,
			);
			path = iOS;
			sourceTree = "<group>";
		};
		5E07A87395FCD720C2D031F2 /* tvOS */ = {
			isa = PBXGroup;
			children = (
				A7C6E1A74D6EE64FD563385D /* CinemaxTVApp.swift */,
				D411739B23A852BEEFC0B087 /* Info.plist */,
			);
			path = tvOS;
			sourceTree = "<group>";
		};
		6B5F21E5379F486F6AD9D90C /* Products */ = {
			isa = PBXGroup;
			children = (
				7D88DF3FEF51CF7E5E1C948A /* Cinemax.app */,
				2C408AFB766D464538419F25 /* CinemaxTests.xctest */,
				BCC43AE61EC4C83ED88C63C1 /* CinemaxTV.app */,
			);
			name = Products;
			sourceTree = "<group>";
		};
		767F22028D59FAFA787026A5 /* Packages */ = {
			isa = PBXGroup;
			children = (
				CB70200A45E30CF69C12BE71 /* CinemaxKit */,
			);
			path = Packages;
			sourceTree = "<group>";
		};
		7B39729167A6F66BD6CC42BC /* CinemaxKitTests */ = {
			isa = PBXGroup;
			children = (
				223258AFA0F2668369423520 /* CinemaxKitTests.swift */,
				69FA0DC94A5D41FE4D6DC0A2 /* HomeViewModelTests.swift */,
				31D07FDBA8B067335CB393D9 /* LoginViewModelTests.swift */,
				C3734234693F4D6519876963 /* MockAPIClient.swift */,
				F5015BA3559E63C6E9845F2B /* PlayMethodTests.swift */,
				B01CD5F39E429B665FA12B0C /* ServerSetupViewModelTests.swift */,
			);
			path = CinemaxKitTests;
			sourceTree = "<group>";
		};
		8822C04E24F87E1AE0E81BF0 /* Screens */ = {
			isa = PBXGroup;
			children = (
				A25B07319865E0C6A31D44ED /* HLSManifestLoader.swift */,
				25D8CB8B2A5B48928CFF4A61 /* HomeScreen.swift */,
				48BB9B833D705FD5AFFFB56B /* LibrarySortFilterSheet.swift */,
				DDE7C8046FBDB91EFDDC0805 /* LoginScreen.swift */,
				8324C15002E8D55B4849D71F /* MediaDetailScreen.swift */,
				7574F55BA72A352BA19F86E0 /* MediaDetailViewModel.swift */,
				A6A30840A8AEBE5AA59B722F /* MovieLibraryScreen.swift */,
				07FE737816B4F86FC1A9D144 /* NativeVideoPresenter.swift */,
				AEA4717DCFEE46C5BE3F4787 /* PlayLink.swift */,
				C144D0A57021E0A0A783977B /* SearchScreen.swift */,
				171E69387E1D6BAAB538ECA0 /* ServerSetupScreen.swift */,
				6EAA0B8314F73A80686E650D /* SettingsScreen.swift */,
				275DFD6B409E3B37C05FD3FB /* SettingsScreen+iOS.swift */,
				C0E9157A106817FC0C04B450 /* SettingsScreen+tvOS.swift */,
				DB5D31C0A9CB664FEB840DA3 /* TrackPickerSheet.swift */,
				AA0A181A9E709E7700EC2E95 /* TVSeriesScreen.swift */,
				D97F65D618EBC05344F98AD7 /* VideoPlayerView.swift */,
			);
			path = Screens;
			sourceTree = "<group>";
		};
		8ED5170013402EDD4A0E1704 /* Shared */ = {
			isa = PBXGroup;
			children = (
				AC0C80DEF24D22107BEE882C /* DesignSystem */,
				BF9DBA40FA7407C74E4FC6E1 /* Extensions */,
				A6D56160253F9107CEDFF058 /* Navigation */,
				8822C04E24F87E1AE0E81BF0 /* Screens */,
				9374720A7D9E701EF5CC8FEF /* ViewModels */,
			);
			path = Shared;
			sourceTree = "<group>";
		};
		9374720A7D9E701EF5CC8FEF /* ViewModels */ = {
			isa = PBXGroup;
			children = (
				C346F0B7AFF504DA6593370E /* HomeViewModel.swift */,
				4D37B5166A4FB48D21B2F845 /* LoginViewModel.swift */,
				DE7B27B99DB58FF2CAC5D765 /* MediaLibraryViewModel.swift */,
				611E44F72064D91AE6DBCC6C /* SearchViewModel.swift */,
				FF0A552AFA2A46BB879FE87B /* ServerSetupViewModel.swift */,
				B14D3FE509DDFB9EA6569161 /* VideoPlayerCoordinator.swift */,
			);
			path = ViewModels;
			sourceTree = "<group>";
		};
		943FF0F751C21904343B7FB3 /* Resources */ = {
			isa = PBXGroup;
			children = (
				AF177D070920EC62E7827637 /* Localizable.strings */,
				280786386ED204F8AAAF36B6 /* Assets.xcassets */,
			);
			path = Resources;
			sourceTree = "<group>";
		};
		A6D56160253F9107CEDFF058 /* Navigation */ = {
			isa = PBXGroup;
			children = (
				78377E8E832D65F7226A2A06 /* AppNavigation.swift */,
				DC1B61BF8E4B4D7BFFEEDF40 /* MainTabView.swift */,
			);
			path = Navigation;
			sourceTree = "<group>";
		};
		AC0C80DEF24D22107BEE882C /* DesignSystem */ = {
			isa = PBXGroup;
			children = (
				F701053A07C8B6B1D912E9E6 /* Components */,
				5BF56288932318BE6C754F7B /* CinemaGlassTheme.swift */,
				D657D13170DAA4F01D4B99E8 /* FocusScaleModifier.swift */,
				E9A353B49C5117D5F686F07B /* GlassModifiers.swift */,
				32016E5B7B38AFDEB6E75857 /* LocalizationManager.swift */,
				E61944A0EB692FE3706F500B /* ThemeManager.swift */,
				C7F4ACBF04D222D92DA5953B /* TVButtonStyles.swift */,
			);
			path = DesignSystem;
			sourceTree = "<group>";
		};
		BF9DBA40FA7407C74E4FC6E1 /* Extensions */ = {
			isa = PBXGroup;
			children = (
				58BDB8AB3BF62513D67C2E16 /* BaseItemDto+Metadata.swift */,
			);
			path = Extensions;
			sourceTree = "<group>";
		};
		F701053A07C8B6B1D912E9E6 /* Components */ = {
			isa = PBXGroup;
			children = (
				A6663B7C168DECE8F2BAC327 /* CastCircle.swift */,
				CCD86E8274D7D248752E886F /* CinemaButton.swift */,
				A0F3D66A0647688B34958DEF /* CinemaLazyImage.swift */,
				2BAFD25D98FA0E18A0F441F5 /* ContentRow.swift */,
				929537FA4254CCBD87E276B3 /* ErrorStateView.swift */,
				CB88BD157A83540E8C49B329 /* FlowLayout.swift */,
				59CE3A78C397CC15A81F1635 /* GlassTextField.swift */,
				A863021FF6B842EE2A0E27CA /* LoadingStateView.swift */,
				8AE5FB096BB1BE0581798DFD /* PosterCard.swift */,
				D3DF8C441837A8A10C480077 /* ProgressBarView.swift */,
				19C632FC97E86299EBCAA2CA /* RatingBadge.swift */,
				BA0B2775D4776FF99A90FB12 /* WideCard.swift */,
			);
			path = Components;
			sourceTree = "<group>";
		};
/* End PBXGroup section */

/* Begin PBXNativeTarget section */
		148D1FF36DA64F2D2D56B082 /* CinemaxTests */ = {
			isa = PBXNativeTarget;
			buildConfigurationList = 20B1C2E6B354E5865A8CA065 /* Build configuration list for PBXNativeTarget "CinemaxTests" */;
			buildPhases = (
				35640CFF2FF92B762E1FC6C6 /* Sources */,
			);
			buildRules = (
			);
			dependencies = (
				9CAE53556B095E0A18915974 /* PBXTargetDependency */,
			);
			name = CinemaxTests;
			packageProductDependencies = (
			);
			productName = CinemaxTests;
			productReference = 2C408AFB766D464538419F25 /* CinemaxTests.xctest */;
			productType = "com.apple.product-type.bundle.unit-test";
		};
		33B5F934E645045C8C030A82 /* Cinemax */ = {
			isa = PBXNativeTarget;
			buildConfigurationList = 9EB712D0EF32F6F1D9108178 /* Build configuration list for PBXNativeTarget "Cinemax" */;
			buildPhases = (
				D0AA17A40F4AED9C8112E576 /* Sources */,
				FD2FDE40B84FB4E1CA0E6A36 /* Resources */,
				81916552939BB20684F3B232 /* Frameworks */,
			);
			buildRules = (
			);
			dependencies = (
			);
			name = Cinemax;
			packageProductDependencies = (
				CC223F1A46FB5458A8F326AD /* CinemaxKit */,
			);
			productName = Cinemax;
			productReference = 7D88DF3FEF51CF7E5E1C948A /* Cinemax.app */;
			productType = "com.apple.product-type.application";
		};
		3F568A1C4BE9976375703E61 /* CinemaxTV */ = {
			isa = PBXNativeTarget;
			buildConfigurationList = 9A10C4598168A593F53B2B7B /* Build configuration list for PBXNativeTarget "CinemaxTV" */;
			buildPhases = (
				44068C42702DB0CC2C603932 /* Sources */,
				D978BCFFED2E6EB8C778E89D /* Resources */,
				24A5CC0AA1E6EAA92E57259D /* Frameworks */,
			);
			buildRules = (
			);
			dependencies = (
			);
			name = CinemaxTV;
			packageProductDependencies = (
				9741846667BDD8F1C021426D /* CinemaxKit */,
			);
			productName = CinemaxTV;
			productReference = BCC43AE61EC4C83ED88C63C1 /* CinemaxTV.app */;
			productType = "com.apple.product-type.application";
		};
/* End PBXNativeTarget section */

/* Begin PBXProject section */
		FD3296B797A3118C5A24F24F /* Project object */ = {
			isa = PBXProject;
			attributes = {
				BuildIndependentTargetsInParallel = YES;
				LastUpgradeCheck = 2620;
				TargetAttributes = {
				};
			};
			buildConfigurationList = 4A265CE224197B289D7A7B4E /* Build configuration list for PBXProject "Cinemax" */;
			developmentRegion = fr;
			hasScannedForEncodings = 0;
			knownRegions = (
				Base,
				en,
				fr,
			);
			mainGroup = 386B44D1F77FA0937C0FE5D1;
			minimizedProjectReferenceProxies = 1;
			packageReferences = (
				826064A2C2C9A89F5869EA13 /* XCLocalSwiftPackageReference "Packages/CinemaxKit" */,
			);
			preferredProjectObjectVersion = 77;
			productRefGroup = 6B5F21E5379F486F6AD9D90C /* Products */;
			projectDirPath = "";
			projectRoot = "";
			targets = (
				33B5F934E645045C8C030A82 /* Cinemax */,
				3F568A1C4BE9976375703E61 /* CinemaxTV */,
				148D1FF36DA64F2D2D56B082 /* CinemaxTests */,
			);
		};
/* End PBXProject section */

/* Begin PBXResourcesBuildPhase section */
		D978BCFFED2E6EB8C778E89D /* Resources */ = {
			isa = PBXResourcesBuildPhase;
			buildActionMask = 2147483647;
			files = (
				9F7E13CC3312F27A84915032 /* Assets.xcassets in Resources */,
				64406006E2A4AB13FDE38E19 /* Localizable.strings in Resources */,
			);
			runOnlyForDeploymentPostprocessing = 0;
		};
		FD2FDE40B84FB4E1CA0E6A36 /* Resources */ = {
			isa = PBXResourcesBuildPhase;
			buildActionMask = 2147483647;
			files = (
				2853B78C03BA5522E348B212 /* Assets.xcassets in Resources */,
				C394E04E4C329F99F29E70D6 /* Localizable.strings in Resources */,
			);
			runOnlyForDeploymentPostprocessing = 0;
		};
/* End PBXResourcesBuildPhase section */

/* Begin PBXSourcesBuildPhase section */
		35640CFF2FF92B762E1FC6C6 /* Sources */ = {
			isa = PBXSourcesBuildPhase;
			buildActionMask = 2147483647;
			files = (
				649F44415009AA3AFB1D1FE3 /* CinemaxKitTests.swift in Sources */,
				CECD6F0550D4470ABD17BD82 /* HomeViewModelTests.swift in Sources */,
				8B0BC8C9E0D75F440ACBD95A /* LoginViewModelTests.swift in Sources */,
				35122F5994E5D72202EDF022 /* MockAPIClient.swift in Sources */,
				A10493105D97CBA1AA49C895 /* PlayMethodTests.swift in Sources */,
				A19C134787C25532BB34B306 /* ServerSetupViewModelTests.swift in Sources */,
			);
			runOnlyForDeploymentPostprocessing = 0;
		};
		44068C42702DB0CC2C603932 /* Sources */ = {
			isa = PBXSourcesBuildPhase;
			buildActionMask = 2147483647;
			files = (
				2BC23AB09D961A04A91415F7 /* AppNavigation.swift in Sources */,
				A5BDB9B097C212892B4AEB36 /* BaseItemDto+Metadata.swift in Sources */,
				8BEED9AD5A4971DD030806F0 /* CastCircle.swift in Sources */,
				3674658960C75FB68F6576B9 /* CinemaButton.swift in Sources */,
				DFDBEF3D856DD4B602C58F59 /* CinemaGlassTheme.swift in Sources */,
				EA0632228FDBF2CE744BDE18 /* CinemaLazyImage.swift in Sources */,
				99AD4FD1823DDEAE384019A4 /* CinemaxTVApp.swift in Sources */,
				4E6ACB12C22F88F40EF8DC8A /* ContentRow.swift in Sources */,
				A457ECA5B1E6FC13546B3306 /* ErrorStateView.swift in Sources */,
				11F80B56F68EB0BCA6D405AE /* FlowLayout.swift in Sources */,
				994A2F644CC4E532760D0A0D /* FocusScaleModifier.swift in Sources */,
				8E85DE19A0AC363A1A138788 /* GlassModifiers.swift in Sources */,
				28909321B0A490C0E70342E4 /* GlassTextField.swift in Sources */,
				456D3029E556DF1761B9CCAC /* HLSManifestLoader.swift in Sources */,
				47242004DB5BA9497108DE62 /* HomeScreen.swift in Sources */,
				FA853F39728C4E3652D2C5E5 /* HomeViewModel.swift in Sources */,
				DE8FAD1B61B3357856AA5E55 /* LibrarySortFilterSheet.swift in Sources */,
				E4AF1097C891473701C8C2C9 /* LoadingStateView.swift in Sources */,
				70247C5A32673CC464D68A32 /* LocalizationManager.swift in Sources */,
				8D24463B5C884F60485FD40C /* LoginScreen.swift in Sources */,
				C66DEBC7160DF78205F50CAB /* LoginViewModel.swift in Sources */,
				276021C21CB270437185ACF2 /* MainTabView.swift in Sources */,
				5FD3234EE63A765E0C82E5C7 /* MediaDetailScreen.swift in Sources */,
				1853EA9F09A0EACE6CCBDFB9 /* MediaDetailViewModel.swift in Sources */,
				D204B5A74016A5CBB00FE986 /* MediaLibraryViewModel.swift in Sources */,
				1F8DDF74B6AA98658B045CF5 /* MovieLibraryScreen.swift in Sources */,
				FB6FC7ADD24BFD093F9D6098 /* NativeVideoPresenter.swift in Sources */,
				D64C3AD31EC5F1CC8C2197F7 /* PlayLink.swift in Sources */,
				850FA2A4714148E59074CC92 /* PosterCard.swift in Sources */,
				74CBBF39B6E72933460424C5 /* ProgressBarView.swift in Sources */,
				8408A487C19DAB3D82498B24 /* RatingBadge.swift in Sources */,
				72281CF32299F9545AA48ED7 /* SearchScreen.swift in Sources */,
				B80500609E8D56844738FB4A /* SearchViewModel.swift in Sources */,
				97AF9B841BA015AD94A9B390 /* ServerSetupScreen.swift in Sources */,
				0E89D264CCF6B086910782A7 /* ServerSetupViewModel.swift in Sources */,
				9150233715D09CEFDBC66E64 /* SettingsScreen+iOS.swift in Sources */,
				43C558D639F56A03ABE38F41 /* SettingsScreen+tvOS.swift in Sources */,
				473F59EC7FA3CB025D4F5D35 /* SettingsScreen.swift in Sources */,
				18D5366C4AD5FA663CF6EC03 /* TVButtonStyles.swift in Sources */,
				A3B5BCE46E4207582861DBBE /* TVSeriesScreen.swift in Sources */,
				F253F28BCDA12B2EC62BE33E /* ThemeManager.swift in Sources */,
				289B6BE095E7F76554DAE841 /* TrackPickerSheet.swift in Sources */,
				735403600F051C38E050FBDE /* VideoPlayerCoordinator.swift in Sources */,
				CF9AC2FE2683ACF8F970C686 /* VideoPlayerView.swift in Sources */,
				91132D1D741BF7CEFF44DBE3 /* WideCard.swift in Sources */,
			);
			runOnlyForDeploymentPostprocessing = 0;
		};
		D0AA17A40F4AED9C8112E576 /* Sources */ = {
			isa = PBXSourcesBuildPhase;
			buildActionMask = 2147483647;
			files = (
				8CE621C8D3CAD1DE98B6CA11 /* AppNavigation.swift in Sources */,
				E71BC25CBB98F5DF97065B98 /* BaseItemDto+Metadata.swift in Sources */,
				DDE0943D46488F809421872D /* CastCircle.swift in Sources */,
				33E221E051D6B7D1422D4552 /* CinemaButton.swift in Sources */,
				2FE40D74DA7EDE3249D0D17B /* CinemaGlassTheme.swift in Sources */,
				BB60281C449D13F7F5398F6F /* CinemaLazyImage.swift in Sources */,
				5782D05B40C908DB8241AAE6 /* CinemaxApp.swift in Sources */,
				629034F00C9B9A91F1DFDFAF /* ContentRow.swift in Sources */,
				2FA754E7C1024D2E05A46524 /* ErrorStateView.swift in Sources */,
				3B587F7E3960823F29F25C26 /* FlowLayout.swift in Sources */,
				73713753B981A3971272B7E3 /* FocusScaleModifier.swift in Sources */,
				5F7645BF5DDCF276733DD2AB /* GlassModifiers.swift in Sources */,
				6A6800B822850477D1905491 /* GlassTextField.swift in Sources */,
				D18BC3D9D5BA81F6EBB57830 /* HLSManifestLoader.swift in Sources */,
				28A82A58BDED7ACD5B9221F8 /* HomeScreen.swift in Sources */,
				46E0FC9041E6B386190D5B6C /* HomeViewModel.swift in Sources */,
				F3341F518AE1332B113E44DD /* LibrarySortFilterSheet.swift in Sources */,
				EF860827AC026C15AEF6574B /* LoadingStateView.swift in Sources */,
				2FA1FE57761F94C1764861F9 /* LocalizationManager.swift in Sources */,
				B17B6055000707C83658C8DF /* LoginScreen.swift in Sources */,
				1B6075E5B54067D4015EC06F /* LoginViewModel.swift in Sources */,
				389E81F4513E0CE8A622D08F /* MainTabView.swift in Sources */,
				100AA327B088A392E7732C98 /* MediaDetailScreen.swift in Sources */,
				7141A3EC32D60AD2452DC24C /* MediaDetailViewModel.swift in Sources */,
				7F6D160EABA133540130AABC /* MediaLibraryViewModel.swift in Sources */,
				FF21EDCBFAE6F61736975202 /* MovieLibraryScreen.swift in Sources */,
				6F9AEB4561324499DA1F1F4E /* NativeVideoPresenter.swift in Sources */,
				38D0284F287A35C7FC3D4858 /* PlayLink.swift in Sources */,
				172A4AE31E117BAB19C89CA6 /* PosterCard.swift in Sources */,
				18D85464EB601F8113743C4D /* ProgressBarView.swift in Sources */,
				7CF24A796713A4992BC74C3B /* RatingBadge.swift in Sources */,
				A38CC2D23545EA9986CB053F /* SearchScreen.swift in Sources */,
				1695AF73A0D756A11490FF4B /* SearchViewModel.swift in Sources */,
				91ED326A57E034CF33FCA565 /* ServerSetupScreen.swift in Sources */,
				5FA751E81BBEE26DE820FA36 /* ServerSetupViewModel.swift in Sources */,
				F9F825B65BAE3868DDB5E7E6 /* SettingsScreen+iOS.swift in Sources */,
				F7B67A97F9967068E9FDA7A1 /* SettingsScreen+tvOS.swift in Sources */,
				7F7723CF469BF94B2314A645 /* SettingsScreen.swift in Sources */,
				FC977C55710C5DEB48C5A122 /* TVButtonStyles.swift in Sources */,
				2D505F5E99229EC948F2A7E0 /* TVSeriesScreen.swift in Sources */,
				7FB1C0EDE50B3335093F475C /* ThemeManager.swift in Sources */,
				3251D64F042EEB176008DAB9 /* TrackPickerSheet.swift in Sources */,
				9D7DC4B535360291C3465976 /* VideoPlayerCoordinator.swift in Sources */,
				0E09FF53825D339001BB6137 /* VideoPlayerView.swift in Sources */,
				6D40EAF27B0800AE33161733 /* WideCard.swift in Sources */,
			);
			runOnlyForDeploymentPostprocessing = 0;
		};
/* End PBXSourcesBuildPhase section */

/* Begin PBXTargetDependency section */
		9CAE53556B095E0A18915974 /* PBXTargetDependency */ = {
			isa = PBXTargetDependency;
			target = 33B5F934E645045C8C030A82 /* Cinemax */;
			targetProxy = F32A71850E5CE7631CDB4313 /* PBXContainerItemProxy */;
		};
/* End PBXTargetDependency section */

/* Begin PBXVariantGroup section */
		AF177D070920EC62E7827637 /* Localizable.strings */ = {
			isa = PBXVariantGroup;
			children = (
				71EDA47106672004DE07BDCF /* en */,
				3D4F7E03E3AA68A284C0FD7E /* fr */,
			);
			name = Localizable.strings;
			sourceTree = "<group>";
		};
/* End PBXVariantGroup section */

/* Begin XCBuildConfiguration section */
		1083A812DCF273FE8D9DC633 /* Debug */ = {
			isa = XCBuildConfiguration;
			buildSettings = {
				ALWAYS_SEARCH_USER_PATHS = NO;
				CLANG_ANALYZER_NONNULL = YES;
				CLANG_ANALYZER_NUMBER_OBJECT_CONVERSION = YES_AGGRESSIVE;
				CLANG_CXX_LANGUAGE_STANDARD = "gnu++14";
				CLANG_CXX_LIBRARY = "libc++";
				CLANG_ENABLE_MODULES = YES;
				CLANG_ENABLE_OBJC_ARC = YES;
				CLANG_ENABLE_OBJC_WEAK = YES;
				CLANG_WARN_BLOCK_CAPTURE_AUTORELEASING = YES;
				CLANG_WARN_BOOL_CONVERSION = YES;
				CLANG_WARN_COMMA = YES;
				CLANG_WARN_CONSTANT_CONVERSION = YES;
				CLANG_WARN_DEPRECATED_OBJC_IMPLEMENTATIONS = YES;
				CLANG_WARN_DIRECT_OBJC_ISA_USAGE = YES_ERROR;
				CLANG_WARN_DOCUMENTATION_COMMENTS = YES;
				CLANG_WARN_EMPTY_BODY = YES;
				CLANG_WARN_ENUM_CONVERSION = YES;
				CLANG_WARN_INFINITE_RECURSION = YES;
				CLANG_WARN_INT_CONVERSION = YES;
				CLANG_WARN_NON_LITERAL_NULL_CONVERSION = YES;
				CLANG_WARN_OBJC_IMPLICIT_RETAIN_SELF = YES;
				CLANG_WARN_OBJC_LITERAL_CONVERSION = YES;
				CLANG_WARN_OBJC_ROOT_CLASS = YES_ERROR;
				CLANG_WARN_QUOTED_INCLUDE_IN_FRAMEWORK_HEADER = YES;
				CLANG_WARN_RANGE_LOOP_ANALYSIS = YES;
				CLANG_WARN_STRICT_PROTOTYPES = YES;
				CLANG_WARN_SUSPICIOUS_MOVE = YES;
				CLANG_WARN_UNGUARDED_AVAILABILITY = YES_AGGRESSIVE;
				CLANG_WARN_UNREACHABLE_CODE = YES;
				CLANG_WARN__DUPLICATE_METHOD_MATCH = YES;
				COPY_PHASE_STRIP = NO;
				CURRENT_PROJECT_VERSION = 1;
				DEBUG_INFORMATION_FORMAT = dwarf;
				ENABLE_STRICT_OBJC_MSGSEND = YES;
				ENABLE_TESTABILITY = YES;
				GCC_C_LANGUAGE_STANDARD = gnu11;
				GCC_DYNAMIC_NO_PIC = NO;
				GCC_NO_COMMON_BLOCKS = YES;
				GCC_OPTIMIZATION_LEVEL = 0;
				GCC_PREPROCESSOR_DEFINITIONS = (
					"$(inherited)",
					"DEBUG=1",
				);
				GCC_WARN_64_TO_32_BIT_CONVERSION = YES;
				GCC_WARN_ABOUT_RETURN_TYPE = YES_ERROR;
				GCC_WARN_UNDECLARED_SELECTOR = YES;
				GCC_WARN_UNINITIALIZED_AUTOS = YES_AGGRESSIVE;
				GCC_WARN_UNUSED_FUNCTION = YES;
				GCC_WARN_UNUSED_VARIABLE = YES;
				IPHONEOS_DEPLOYMENT_TARGET = 18.0;
				MARKETING_VERSION = 1.0.0;
				MTL_ENABLE_DEBUG_INFO = INCLUDE_SOURCE;
				MTL_FAST_MATH = YES;
				ONLY_ACTIVE_ARCH = YES;
				PRODUCT_NAME = "$(TARGET_NAME)";
				SWIFT_ACTIVE_COMPILATION_CONDITIONS = DEBUG;
				SWIFT_OPTIMIZATION_LEVEL = "-Onone";
				SWIFT_VERSION = 6.0;
				TVOS_DEPLOYMENT_TARGET = 26.0;
			};
			name = Debug;
		};
		2EBCF92CD7DBCE2ED2C2F696 /* Release */ = {
			isa = XCBuildConfiguration;
			buildSettings = {
				ASSETCATALOG_COMPILER_APPICON_NAME = AppIcon;
				CODE_SIGN_IDENTITY = "iPhone Developer";
				INFOPLIST_FILE = iOS/Info.plist;
				LD_RUNPATH_SEARCH_PATHS = (
					"$(inherited)",
					"@executable_path/Frameworks",
				);
				PRODUCT_BUNDLE_IDENTIFIER = com.cinemax.ios;
				PRODUCT_NAME = Cinemax;
				SDKROOT = iphoneos;
				SUPPORTS_MACCATALYST = NO;
				SWIFT_EMIT_LOC_STRINGS = YES;
				SWIFT_STRICT_CONCURRENCY = complete;
				TARGETED_DEVICE_FAMILY = "1,2";
			};
			name = Release;
		};
		4D429A7E5FB8C41EDE77BAB9 /* Release */ = {
			isa = XCBuildConfiguration;
			buildSettings = {
				BUNDLE_LOADER = "$(TEST_HOST)";
				GENERATE_INFOPLIST_FILE = YES;
				LD_RUNPATH_SEARCH_PATHS = (
					"$(inherited)",
					"@executable_path/Frameworks",
					"@loader_path/Frameworks",
				);
				PRODUCT_BUNDLE_IDENTIFIER = com.cinemax.tests;
				SDKROOT = iphoneos;
				TARGETED_DEVICE_FAMILY = "1,2";
				TEST_HOST = "$(BUILT_PRODUCTS_DIR)/Cinemax.app/Cinemax";
			};
			name = Release;
		};
		54EB71172660F46E7A5A7D1F /* Debug */ = {
			isa = XCBuildConfiguration;
			buildSettings = {
				BUNDLE_LOADER = "$(TEST_HOST)";
				GENERATE_INFOPLIST_FILE = YES;
				LD_RUNPATH_SEARCH_PATHS = (
					"$(inherited)",
					"@executable_path/Frameworks",
					"@loader_path/Frameworks",
				);
				PRODUCT_BUNDLE_IDENTIFIER = com.cinemax.tests;
				SDKROOT = iphoneos;
				TARGETED_DEVICE_FAMILY = "1,2";
				TEST_HOST = "$(BUILT_PRODUCTS_DIR)/Cinemax.app/Cinemax";
			};
			name = Debug;
		};
		682D374ADED21B3326C144F6 /* Debug */ = {
			isa = XCBuildConfiguration;
			buildSettings = {
				ASSETCATALOG_COMPILER_APPICON_NAME = "App Icon & Top Shelf Image";
				ASSETCATALOG_COMPILER_INCLUDE_ALL_APPICON_ASSETS = YES;
				ASSETCATALOG_COMPILER_LAUNCHIMAGE_NAME = "";
				INFOPLIST_FILE = tvOS/Info.plist;
				LD_RUNPATH_SEARCH_PATHS = (
					"$(inherited)",
					"@executable_path/Frameworks",
				);
				PRODUCT_BUNDLE_IDENTIFIER = com.cinemax.tvos;
				PRODUCT_NAME = CinemaxTV;
				SDKROOT = appletvos;
				SWIFT_EMIT_LOC_STRINGS = YES;
				SWIFT_STRICT_CONCURRENCY = complete;
				TARGETED_DEVICE_FAMILY = 3;
			};
			name = Debug;
		};
		A84B37A070A3AF6998724158 /* Debug */ = {
			isa = XCBuildConfiguration;
			buildSettings = {
				ASSETCATALOG_COMPILER_APPICON_NAME = AppIcon;
				CODE_SIGN_IDENTITY = "iPhone Developer";
				INFOPLIST_FILE = iOS/Info.plist;
				LD_RUNPATH_SEARCH_PATHS = (
					"$(inherited)",
					"@executable_path/Frameworks",
				);
				PRODUCT_BUNDLE_IDENTIFIER = com.cinemax.ios;
				PRODUCT_NAME = Cinemax;
				SDKROOT = iphoneos;
				SUPPORTS_MACCATALYST = NO;
				SWIFT_EMIT_LOC_STRINGS = YES;
				SWIFT_STRICT_CONCURRENCY = complete;
				TARGETED_DEVICE_FAMILY = "1,2";
			};
			name = Debug;
		};
		D7D0DE1623B199A9DCDB1EB4 /* Release */ = {
			isa = XCBuildConfiguration;
			buildSettings = {
				ALWAYS_SEARCH_USER_PATHS = NO;
				CLANG_ANALYZER_NONNULL = YES;
				CLANG_ANALYZER_NUMBER_OBJECT_CONVERSION = YES_AGGRESSIVE;
				CLANG_CXX_LANGUAGE_STANDARD = "gnu++14";
				CLANG_CXX_LIBRARY = "libc++";
				CLANG_ENABLE_MODULES = YES;
				CLANG_ENABLE_OBJC_ARC = YES;
				CLANG_ENABLE_OBJC_WEAK = YES;
				CLANG_WARN_BLOCK_CAPTURE_AUTORELEASING = YES;
				CLANG_WARN_BOOL_CONVERSION = YES;
				CLANG_WARN_COMMA = YES;
				CLANG_WARN_CONSTANT_CONVERSION = YES;
				CLANG_WARN_DEPRECATED_OBJC_IMPLEMENTATIONS = YES;
				CLANG_WARN_DIRECT_OBJC_ISA_USAGE = YES_ERROR;
				CLANG_WARN_DOCUMENTATION_COMMENTS = YES;
				CLANG_WARN_EMPTY_BODY = YES;
				CLANG_WARN_ENUM_CONVERSION = YES;
				CLANG_WARN_INFINITE_RECURSION = YES;
				CLANG_WARN_INT_CONVERSION = YES;
				CLANG_WARN_NON_LITERAL_NULL_CONVERSION = YES;
				CLANG_WARN_OBJC_IMPLICIT_RETAIN_SELF = YES;
				CLANG_WARN_OBJC_LITERAL_CONVERSION = YES;
				CLANG_WARN_OBJC_ROOT_CLASS = YES_ERROR;
				CLANG_WARN_QUOTED_INCLUDE_IN_FRAMEWORK_HEADER = YES;
				CLANG_WARN_RANGE_LOOP_ANALYSIS = YES;
				CLANG_WARN_STRICT_PROTOTYPES = YES;
				CLANG_WARN_SUSPICIOUS_MOVE = YES;
				CLANG_WARN_UNGUARDED_AVAILABILITY = YES_AGGRESSIVE;
				CLANG_WARN_UNREACHABLE_CODE = YES;
				CLANG_WARN__DUPLICATE_METHOD_MATCH = YES;
				COPY_PHASE_STRIP = NO;
				CURRENT_PROJECT_VERSION = 1;
				DEBUG_INFORMATION_FORMAT = "dwarf-with-dsym";
				ENABLE_NS_ASSERTIONS = NO;
				ENABLE_STRICT_OBJC_MSGSEND = YES;
				GCC_C_LANGUAGE_STANDARD = gnu11;
				GCC_NO_COMMON_BLOCKS = YES;
				GCC_WARN_64_TO_32_BIT_CONVERSION = YES;
				GCC_WARN_ABOUT_RETURN_TYPE = YES_ERROR;
				GCC_WARN_UNDECLARED_SELECTOR = YES;
				GCC_WARN_UNINITIALIZED_AUTOS = YES_AGGRESSIVE;
				GCC_WARN_UNUSED_FUNCTION = YES;
				GCC_WARN_UNUSED_VARIABLE = YES;
				IPHONEOS_DEPLOYMENT_TARGET = 18.0;
				MARKETING_VERSION = 1.0.0;
				MTL_ENABLE_DEBUG_INFO = NO;
				MTL_FAST_MATH = YES;
				PRODUCT_NAME = "$(TARGET_NAME)";
				SWIFT_COMPILATION_MODE = wholemodule;
				SWIFT_OPTIMIZATION_LEVEL = "-O";
				SWIFT_VERSION = 6.0;
				TVOS_DEPLOYMENT_TARGET = 26.0;
			};
			name = Release;
		};
		EBEE020B7667D66022B93C7B /* Release */ = {
			isa = XCBuildConfiguration;
			buildSettings = {
				ASSETCATALOG_COMPILER_APPICON_NAME = "App Icon & Top Shelf Image";
				ASSETCATALOG_COMPILER_INCLUDE_ALL_APPICON_ASSETS = YES;
				ASSETCATALOG_COMPILER_LAUNCHIMAGE_NAME = "";
				INFOPLIST_FILE = tvOS/Info.plist;
				LD_RUNPATH_SEARCH_PATHS = (
					"$(inherited)",
					"@executable_path/Frameworks",
				);
				PRODUCT_BUNDLE_IDENTIFIER = com.cinemax.tvos;
				PRODUCT_NAME = CinemaxTV;
				SDKROOT = appletvos;
				SWIFT_EMIT_LOC_STRINGS = YES;
				SWIFT_STRICT_CONCURRENCY = complete;
				TARGETED_DEVICE_FAMILY = 3;
			};
			name = Release;
		};
/* End XCBuildConfiguration section */

/* Begin XCConfigurationList section */
		20B1C2E6B354E5865A8CA065 /* Build configuration list for PBXNativeTarget "CinemaxTests" */ = {
			isa = XCConfigurationList;
			buildConfigurations = (
				54EB71172660F46E7A5A7D1F /* Debug */,
				4D429A7E5FB8C41EDE77BAB9 /* Release */,
			);
			defaultConfigurationIsVisible = 0;
			defaultConfigurationName = Debug;
		};
		4A265CE224197B289D7A7B4E /* Build configuration list for PBXProject "Cinemax" */ = {
			isa = XCConfigurationList;
			buildConfigurations = (
				1083A812DCF273FE8D9DC633 /* Debug */,
				D7D0DE1623B199A9DCDB1EB4 /* Release */,
			);
			defaultConfigurationIsVisible = 0;
			defaultConfigurationName = Debug;
		};
		9A10C4598168A593F53B2B7B /* Build configuration list for PBXNativeTarget "CinemaxTV" */ = {
			isa = XCConfigurationList;
			buildConfigurations = (
				682D374ADED21B3326C144F6 /* Debug */,
				EBEE020B7667D66022B93C7B /* Release */,
			);
			defaultConfigurationIsVisible = 0;
			defaultConfigurationName = Debug;
		};
		9EB712D0EF32F6F1D9108178 /* Build configuration list for PBXNativeTarget "Cinemax" */ = {
			isa = XCConfigurationList;
			buildConfigurations = (
				A84B37A070A3AF6998724158 /* Debug */,
				2EBCF92CD7DBCE2ED2C2F696 /* Release */,
			);
			defaultConfigurationIsVisible = 0;
			defaultConfigurationName = Debug;
		};
/* End XCConfigurationList section */

/* Begin XCLocalSwiftPackageReference section */
		826064A2C2C9A89F5869EA13 /* XCLocalSwiftPackageReference "Packages/CinemaxKit" */ = {
			isa = XCLocalSwiftPackageReference;
			relativePath = Packages/CinemaxKit;
		};
/* End XCLocalSwiftPackageReference section */

/* Begin XCSwiftPackageProductDependency section */
		9741846667BDD8F1C021426D /* CinemaxKit */ = {
			isa = XCSwiftPackageProductDependency;
			productName = CinemaxKit;
		};
		CC223F1A46FB5458A8F326AD /* CinemaxKit */ = {
			isa = XCSwiftPackageProductDependency;
			productName = CinemaxKit;
		};
/* End XCSwiftPackageProductDependency section */
	};
	rootObject = FD3296B797A3118C5A24F24F /* Project object */;
}
